uuid: 674754c6-7101-4ebe-b39d-233e5d955117
langcode: en
status: true
dependencies:
  module:
    - block_content
    - paragraphs
id: paragraph.field_uwm_block
field_name: field_uwm_block
entity_type: paragraph
type: entity_reference
settings:
  target_type: block_content
module: core
locked: false
cardinality: 1
translatable: true
indexes: {  }
persist_with_no_fields: false
custom_storage: false
